
Microsoft Visual Studio Solution File, Format Version 12.00
# Visual Studio Version 16
VisualStudioVersion = 16.0.31005.135
MinimumVisualStudioVersion = 10.0.40219.1
Project("{2150E333-8FDC-42A3-9474-1A3956D46DE8}") = "Solution Items", "Solution Items", "{6C114A33-6420-42F0-972B-A84B820EE963}"
	ProjectSection(SolutionItems) = preProject
		.env = .env
		NuGet.config = NuGet.config
	EndProjectSection
EndProject
Project("{2150E333-8FDC-42A3-9474-1A3956D46DE8}") = "src", "src", "{F468E8F8-E237-418F-BCA3-D8115FA78C7F}"
EndProject
Project("{2150E333-8FDC-42A3-9474-1A3956D46DE8}") = "ApiGateways", "ApiGateways", "{64A7511F-5111-498F-A7E2-B70B73C1679F}"
EndProject
Project("{2150E333-8FDC-42A3-9474-1A3956D46DE8}") = "BuildingBlocks", "BuildingBlocks", "{4AD0602A-591B-45CE-9017-0E22046E5721}"
EndProject
Project("{2150E333-8FDC-42A3-9474-1A3956D46DE8}") = "Services", "Services", "{28111109-8DEF-4FAE-B8E7-CAA4F8C28CCD}"
EndProject
Project("{2150E333-8FDC-42A3-9474-1A3956D46DE8}") = "WebApps", "WebApps", "{EAA3F772-3C61-4148-9E67-35D0DEDF64FD}"
EndProject
Project("{2150E333-8FDC-42A3-9474-1A3956D46DE8}") = "Envoy", "Envoy", "{6A843F98-45C3-48DB-827A-157BE09AF022}"
EndProject
Project("{2150E333-8FDC-42A3-9474-1A3956D46DE8}") = "config", "config", "{B5B5799E-DBBA-4485-82B1-B17B27DA4207}"
EndProject
Project("{2150E333-8FDC-42A3-9474-1A3956D46DE8}") = "webapplying", "webapplying", "{AF910BFD-151C-4B89-A2FD-3F8D48230EE3}"
	ProjectSection(SolutionItems) = preProject
		ApiGateways\Envoy\config\webapplying\envoy.yaml = ApiGateways\Envoy\config\webapplying\envoy.yaml
	EndProjectSection
EndProject
Project("{2150E333-8FDC-42A3-9474-1A3956D46DE8}") = "Mobile.Bff.Applying", "Mobile.Bff.Applying", "{46FA91A2-1311-4102-A8C5-069C900FC71B}"
EndProject
Project("{2150E333-8FDC-42A3-9474-1A3956D46DE8}") = "Web.Bff.Applying", "Web.Bff.Applying", "{E1379F5D-7901-4A95-A227-8DF2CE057130}"
EndProject
Project("{2150E333-8FDC-42A3-9474-1A3956D46DE8}") = "DevspacesSupport", "DevspacesSupport", "{9ACCFFEB-84FD-410B-B5AB-530B333B9DB6}"
EndProject
Project("{2150E333-8FDC-42A3-9474-1A3956D46DE8}") = "EventBus", "EventBus", "{B630CF11-4760-436E-8024-32629F0D9FE1}"
EndProject
Project("{2150E333-8FDC-42A3-9474-1A3956D46DE8}") = "WebHostCustomization", "WebHostCustomization", "{82235A19-5D6A-4363-91A2-98161350EC1C}"
EndProject
Project("{9A19103F-16F7-4668-BE54-9A1E7A4F7556}") = "WebHost.Customization", "BuildingBlocks\WebHostCustomization\WebHost.Customization\WebHost.Customization.csproj", "{90987D4F-8718-4733-8E47-7018B48B11D2}"
EndProject
Project("{9A19103F-16F7-4668-BE54-9A1E7A4F7556}") = "Devspaces.Support", "BuildingBlocks\DevspacesSupport\Devspaces.Support\Devspaces.Support.csproj", "{6E8F4CD1-D761-442F-BC3E-4F6CC71A6E15}"
EndProject
Project("{9A19103F-16F7-4668-BE54-9A1E7A4F7556}") = "EventBus", "BuildingBlocks\EventBus\EventBus\EventBus.csproj", "{9430978C-F88E-47F0-AB45-D14817387216}"
EndProject
Project("{9A19103F-16F7-4668-BE54-9A1E7A4F7556}") = "EventBusRabbitMQ", "BuildingBlocks\EventBus\EventBusRabbitMQ\EventBusRabbitMQ.csproj", "{7F252B82-0D26-4C56-BFD6-7938454ED34F}"
EndProject
Project("{9A19103F-16F7-4668-BE54-9A1E7A4F7556}") = "EventBusServiceBus", "BuildingBlocks\EventBus\EventBusServiceBus\EventBusServiceBus.csproj", "{FA698968-0210-46FF-BD9A-6DFFEBE89171}"
EndProject
Project("{9A19103F-16F7-4668-BE54-9A1E7A4F7556}") = "IntegrationEventLogEF", "BuildingBlocks\EventBus\IntegrationEventLogEF\IntegrationEventLogEF.csproj", "{0DC69040-FF37-4737-AEFE-34DFCEC0B6C5}"
EndProject
Project("{2150E333-8FDC-42A3-9474-1A3956D46DE8}") = "Basket", "Basket", "{078C75C5-DCBE-462A-AB5C-C938CAE12FD2}"
EndProject
Project("{2150E333-8FDC-42A3-9474-1A3956D46DE8}") = "Webhooks", "Webhooks", "{BAC09BCA-B1F3-4341-B598-4B917BED5325}"
EndProject
Project("{2150E333-8FDC-42A3-9474-1A3956D46DE8}") = "Identity", "Identity", "{532622C4-6DB0-4A47-820E-78793C717AA2}"
EndProject
Project("{2150E333-8FDC-42A3-9474-1A3956D46DE8}") = "Applying", "Applying", "{F2C8399F-F8A0-402E-AAC5-6B6669E79D53}"
EndProject
Project("{2150E333-8FDC-42A3-9474-1A3956D46DE8}") = "Payment", "Payment", "{5AE83D2E-E3BC-4958-AE24-135F6BE83829}"
EndProject
Project("{9A19103F-16F7-4668-BE54-9A1E7A4F7556}") = "WebhookClient", "Web\WebhookClient\WebhookClient.csproj", "{20F4AA53-8FC2-4D0A-9428-E534ECFD0C32}"
EndProject
Project("{9A19103F-16F7-4668-BE54-9A1E7A4F7556}") = "WebMVC", "Web\WebMVC\WebMVC.csproj", "{6BC77BE6-99D9-4608-916A-E983E44FB655}"
EndProject
Project("{9A19103F-16F7-4668-BE54-9A1E7A4F7556}") = "Applying.API", "Services\Applying\Applying.API\Applying.API.csproj", "{46BD97D4-F8BA-4091-9ED4-97CAC867CFD5}"
EndProject
Project("{9A19103F-16F7-4668-BE54-9A1E7A4F7556}") = "Applying.SignalrHub", "Services\Applying\Applying.SignalrHub\Applying.SignalrHub.csproj", "{E92D37BF-7CC4-4FF3-9C4F-5F2636AA034E}"
EndProject
Project("{9A19103F-16F7-4668-BE54-9A1E7A4F7556}") = "Applying.Domain", "Services\Applying\Applying.Domain\Applying.Domain.csproj", "{C494FA67-7247-4F93-BCE8-A4AD687EA80D}"
EndProject
Project("{9A19103F-16F7-4668-BE54-9A1E7A4F7556}") = "Payment.API", "Services\Payment\Payment.API\Payment.API.csproj", "{CE74C3F2-5443-4AFF-80D5-92A061C0DD2D}"
EndProject
Project("{9A19103F-16F7-4668-BE54-9A1E7A4F7556}") = "Webhooks.API", "Services\Webhooks\Webhooks.API\Webhooks.API.csproj", "{7D4D6C16-FB4F-4036-942F-42F604710BC4}"
EndProject
Project("{9A19103F-16F7-4668-BE54-9A1E7A4F7556}") = "Applying.Infrastructure", "Services\Applying\Applying.Infrastructure\Applying.Infrastructure.csproj", "{E5D564B9-0AB3-42AA-B251-38A89FD6D4C9}"
EndProject
Project("{E53339B2-1760-4266-BCC7-CA923CBCF16C}") = "docker-compose", "docker-compose.dcproj", "{C85FDC87-5513-48B1-9EAD-CF0F0BC1432E}"
EndProject
Project("{9A19103F-16F7-4668-BE54-9A1E7A4F7556}") = "WebStatus", "Web\WebStatus\WebStatus.csproj", "{E2A7B4AA-BEAA-44F4-ADDB-14CEAD5CFF0C}"
EndProject
Project("{9A19103F-16F7-4668-BE54-9A1E7A4F7556}") = "Web.Applying.HttpAggregator", "ApiGateways\Web.Bff.Applying\aggregator\Web.Applying.HttpAggregator.csproj", "{7259FC09-14FB-4103-8711-C80348912F07}"
EndProject
Project("{9A19103F-16F7-4668-BE54-9A1E7A4F7556}") = "Mobile.Applying.HttpAggregator", "ApiGateways\Mobile.Bff.Applying\aggregator\Mobile.Applying.HttpAggregator.csproj", "{883B3FF9-7777-4C10-A1C5-BC03AB88A5A3}"
EndProject
Project("{9A19103F-16F7-4668-BE54-9A1E7A4F7556}") = "Applying.Basket.API", "Services\Basket\Applying.Basket.API\Applying.Basket.API.csproj", "{BA630901-132B-46EB-AC85-BB4B50813C9C}"
EndProject
Project("{9A19103F-16F7-4668-BE54-9A1E7A4F7556}") = "Applying.BackgroundTasks", "Services\Applying\Applying.BackgroundTasks\Applying.BackgroundTasks.csproj", "{32D22537-C170-409E-849F-B106A95A1147}"
EndProject
Project("{2150E333-8FDC-42A3-9474-1A3956D46DE8}") = "Scholarship", "Scholarship", "{7CB944A2-1A44-4EF5-B385-94007966AF41}"
EndProject
Project("{9A19103F-16F7-4668-BE54-9A1E7A4F7556}") = "Student.Identity.API", "Services\Identity\Student.Identity.API\Student.Identity.API.csproj", "{B2BAF3DA-47D6-459A-926F-C67257AD5907}"
EndProject
Project("{9A19103F-16F7-4668-BE54-9A1E7A4F7556}") = "Scholarship.API", "Services\Scholarship\Scholarship.API\Scholarship.API.csproj", "{D00C814D-61FA-47CB-AB8E-F540CAE85333}"
EndProject
Project("{9A19103F-16F7-4668-BE54-9A1E7A4F7556}") = "Sponsor.API", "Services\Identity\Sponsor.API\Sponsor.API.csproj", "{557F1301-C9C8-411C-A7A7-2DDCF37FF305}"
EndProject
Project("{9A19103F-16F7-4668-BE54-9A1E7A4F7556}") = "ScholarshipMVC", "Web\ScholarshipMVC\ScholarshipMVC.csproj", "{844539A9-4E41-455A-A083-AD493975A5F3}"
EndProject
Project("{2150E333-8FDC-42A3-9474-1A3956D46DE8}") = "Mobile.Bff.Scholarship", "Mobile.Bff.Scholarship", "{4635111C-1551-4A5B-99A8-FDF132094569}"
EndProject
Project("{2150E333-8FDC-42A3-9474-1A3956D46DE8}") = "Web.Bff.Scholarship", "Web.Bff.Scholarship", "{CA410BA6-140E-4F9A-8476-1F1D360380AA}"
EndProject
Project("{9A19103F-16F7-4668-BE54-9A1E7A4F7556}") = "Mobile.Scholarship.HttpAggregator", "ApiGateways\Mobile.Bff.Scholarship\aggregator\Mobile.Scholarship.HttpAggregator.csproj", "{4B65882C-494C-45F6-A435-2488A85EB24B}"
EndProject
Project("{9A19103F-16F7-4668-BE54-9A1E7A4F7556}") = "Web.Scholarship.HttpAggregator", "ApiGateways\Web.Bff.Scholarship\aggregator\Web.Scholarship.HttpAggregator.csproj", "{13746C9C-0613-44A0-A7F5-7C5AD8F3DB45}"
EndProject
Project("{2150E333-8FDC-42A3-9474-1A3956D46DE8}") = "webscholarship", "webscholarship", "{F8C1F4EC-057E-4AC9-859E-43BC64E19156}"
	ProjectSection(SolutionItems) = preProject
		ApiGateways\Envoy\config\webscholarship\envoy.yaml = ApiGateways\Envoy\config\webscholarship\envoy.yaml
	EndProjectSection
EndProject
Project("{9A19103F-16F7-4668-BE54-9A1E7A4F7556}") = "WebSPA", "Web\WebSPA\WebSPA.csproj", "{414942A7-5429-4163-85B5-C0D9FD9B9758}"
EndProject
Project("{9A19103F-16F7-4668-BE54-9A1E7A4F7556}") = "CorporateSponsorIdentity.API", "Services\Identity\CorporateSponsorIdentity.API\CorporateSponsorIdentity.API.csproj", "{F13AEF0E-C4B8-4BAE-A414-ABE83B45DAA2}"
EndProject
Global
	GlobalSection(SolutionConfigurationPlatforms) = preSolution
		Debug|Any CPU = Debug|Any CPU
		Release|Any CPU = Release|Any CPU
	EndGlobalSection
	GlobalSection(ProjectConfigurationPlatforms) = postSolution
		{90987D4F-8718-4733-8E47-7018B48B11D2}.Debug|Any CPU.ActiveCfg = Debug|Any CPU
		{90987D4F-8718-4733-8E47-7018B48B11D2}.Debug|Any CPU.Build.0 = Debug|Any CPU
		{90987D4F-8718-4733-8E47-7018B48B11D2}.Release|Any CPU.ActiveCfg = Release|Any CPU
		{90987D4F-8718-4733-8E47-7018B48B11D2}.Release|Any CPU.Build.0 = Release|Any CPU
		{6E8F4CD1-D761-442F-BC3E-4F6CC71A6E15}.Debug|Any CPU.ActiveCfg = Debug|Any CPU
		{6E8F4CD1-D761-442F-BC3E-4F6CC71A6E15}.Debug|Any CPU.Build.0 = Debug|Any CPU
		{6E8F4CD1-D761-442F-BC3E-4F6CC71A6E15}.Release|Any CPU.ActiveCfg = Release|Any CPU
		{6E8F4CD1-D761-442F-BC3E-4F6CC71A6E15}.Release|Any CPU.Build.0 = Release|Any CPU
		{9430978C-F88E-47F0-AB45-D14817387216}.Debug|Any CPU.ActiveCfg = Debug|Any CPU
		{9430978C-F88E-47F0-AB45-D14817387216}.Debug|Any CPU.Build.0 = Debug|Any CPU
		{9430978C-F88E-47F0-AB45-D14817387216}.Release|Any CPU.ActiveCfg = Release|Any CPU
		{9430978C-F88E-47F0-AB45-D14817387216}.Release|Any CPU.Build.0 = Release|Any CPU
		{7F252B82-0D26-4C56-BFD6-7938454ED34F}.Debug|Any CPU.ActiveCfg = Debug|Any CPU
		{7F252B82-0D26-4C56-BFD6-7938454ED34F}.Debug|Any CPU.Build.0 = Debug|Any CPU
		{7F252B82-0D26-4C56-BFD6-7938454ED34F}.Release|Any CPU.ActiveCfg = Release|Any CPU
		{7F252B82-0D26-4C56-BFD6-7938454ED34F}.Release|Any CPU.Build.0 = Release|Any CPU
		{FA698968-0210-46FF-BD9A-6DFFEBE89171}.Debug|Any CPU.ActiveCfg = Debug|Any CPU
		{FA698968-0210-46FF-BD9A-6DFFEBE89171}.Debug|Any CPU.Build.0 = Debug|Any CPU
		{FA698968-0210-46FF-BD9A-6DFFEBE89171}.Release|Any CPU.ActiveCfg = Release|Any CPU
		{FA698968-0210-46FF-BD9A-6DFFEBE89171}.Release|Any CPU.Build.0 = Release|Any CPU
		{0DC69040-FF37-4737-AEFE-34DFCEC0B6C5}.Debug|Any CPU.ActiveCfg = Debug|Any CPU
		{0DC69040-FF37-4737-AEFE-34DFCEC0B6C5}.Debug|Any CPU.Build.0 = Debug|Any CPU
		{0DC69040-FF37-4737-AEFE-34DFCEC0B6C5}.Release|Any CPU.ActiveCfg = Release|Any CPU
		{0DC69040-FF37-4737-AEFE-34DFCEC0B6C5}.Release|Any CPU.Build.0 = Release|Any CPU
		{20F4AA53-8FC2-4D0A-9428-E534ECFD0C32}.Debug|Any CPU.ActiveCfg = Debug|Any CPU
		{20F4AA53-8FC2-4D0A-9428-E534ECFD0C32}.Debug|Any CPU.Build.0 = Debug|Any CPU
		{20F4AA53-8FC2-4D0A-9428-E534ECFD0C32}.Release|Any CPU.ActiveCfg = Release|Any CPU
		{20F4AA53-8FC2-4D0A-9428-E534ECFD0C32}.Release|Any CPU.Build.0 = Release|Any CPU
		{6BC77BE6-99D9-4608-916A-E983E44FB655}.Debug|Any CPU.ActiveCfg = Debug|Any CPU
		{6BC77BE6-99D9-4608-916A-E983E44FB655}.Debug|Any CPU.Build.0 = Debug|Any CPU
		{6BC77BE6-99D9-4608-916A-E983E44FB655}.Release|Any CPU.ActiveCfg = Release|Any CPU
		{6BC77BE6-99D9-4608-916A-E983E44FB655}.Release|Any CPU.Build.0 = Release|Any CPU
		{46BD97D4-F8BA-4091-9ED4-97CAC867CFD5}.Debug|Any CPU.ActiveCfg = Debug|Any CPU
		{46BD97D4-F8BA-4091-9ED4-97CAC867CFD5}.Debug|Any CPU.Build.0 = Debug|Any CPU
		{46BD97D4-F8BA-4091-9ED4-97CAC867CFD5}.Release|Any CPU.ActiveCfg = Release|Any CPU
		{46BD97D4-F8BA-4091-9ED4-97CAC867CFD5}.Release|Any CPU.Build.0 = Release|Any CPU
		{E92D37BF-7CC4-4FF3-9C4F-5F2636AA034E}.Debug|Any CPU.ActiveCfg = Debug|Any CPU
		{E92D37BF-7CC4-4FF3-9C4F-5F2636AA034E}.Debug|Any CPU.Build.0 = Debug|Any CPU
		{E92D37BF-7CC4-4FF3-9C4F-5F2636AA034E}.Release|Any CPU.ActiveCfg = Release|Any CPU
		{E92D37BF-7CC4-4FF3-9C4F-5F2636AA034E}.Release|Any CPU.Build.0 = Release|Any CPU
		{C494FA67-7247-4F93-BCE8-A4AD687EA80D}.Debug|Any CPU.ActiveCfg = Debug|Any CPU
		{C494FA67-7247-4F93-BCE8-A4AD687EA80D}.Debug|Any CPU.Build.0 = Debug|Any CPU
		{C494FA67-7247-4F93-BCE8-A4AD687EA80D}.Release|Any CPU.ActiveCfg = Release|Any CPU
		{C494FA67-7247-4F93-BCE8-A4AD687EA80D}.Release|Any CPU.Build.0 = Release|Any CPU
		{CE74C3F2-5443-4AFF-80D5-92A061C0DD2D}.Debug|Any CPU.ActiveCfg = Debug|Any CPU
		{CE74C3F2-5443-4AFF-80D5-92A061C0DD2D}.Debug|Any CPU.Build.0 = Debug|Any CPU
		{CE74C3F2-5443-4AFF-80D5-92A061C0DD2D}.Release|Any CPU.ActiveCfg = Release|Any CPU
		{CE74C3F2-5443-4AFF-80D5-92A061C0DD2D}.Release|Any CPU.Build.0 = Release|Any CPU
		{7D4D6C16-FB4F-4036-942F-42F604710BC4}.Debug|Any CPU.ActiveCfg = Debug|Any CPU
		{7D4D6C16-FB4F-4036-942F-42F604710BC4}.Debug|Any CPU.Build.0 = Debug|Any CPU
		{7D4D6C16-FB4F-4036-942F-42F604710BC4}.Release|Any CPU.ActiveCfg = Release|Any CPU
		{7D4D6C16-FB4F-4036-942F-42F604710BC4}.Release|Any CPU.Build.0 = Release|Any CPU
		{E5D564B9-0AB3-42AA-B251-38A89FD6D4C9}.Debug|Any CPU.ActiveCfg = Debug|Any CPU
		{E5D564B9-0AB3-42AA-B251-38A89FD6D4C9}.Debug|Any CPU.Build.0 = Debug|Any CPU
		{E5D564B9-0AB3-42AA-B251-38A89FD6D4C9}.Release|Any CPU.ActiveCfg = Release|Any CPU
		{E5D564B9-0AB3-42AA-B251-38A89FD6D4C9}.Release|Any CPU.Build.0 = Release|Any CPU
		{C85FDC87-5513-48B1-9EAD-CF0F0BC1432E}.Debug|Any CPU.ActiveCfg = Debug|Any CPU
		{C85FDC87-5513-48B1-9EAD-CF0F0BC1432E}.Debug|Any CPU.Build.0 = Debug|Any CPU
		{C85FDC87-5513-48B1-9EAD-CF0F0BC1432E}.Release|Any CPU.ActiveCfg = Release|Any CPU
		{C85FDC87-5513-48B1-9EAD-CF0F0BC1432E}.Release|Any CPU.Build.0 = Release|Any CPU
		{E2A7B4AA-BEAA-44F4-ADDB-14CEAD5CFF0C}.Debug|Any CPU.ActiveCfg = Debug|Any CPU
		{E2A7B4AA-BEAA-44F4-ADDB-14CEAD5CFF0C}.Debug|Any CPU.Build.0 = Debug|Any CPU
		{E2A7B4AA-BEAA-44F4-ADDB-14CEAD5CFF0C}.Release|Any CPU.ActiveCfg = Release|Any CPU
		{E2A7B4AA-BEAA-44F4-ADDB-14CEAD5CFF0C}.Release|Any CPU.Build.0 = Release|Any CPU
		{7259FC09-14FB-4103-8711-C80348912F07}.Debug|Any CPU.ActiveCfg = Debug|Any CPU
		{7259FC09-14FB-4103-8711-C80348912F07}.Debug|Any CPU.Build.0 = Debug|Any CPU
		{7259FC09-14FB-4103-8711-C80348912F07}.Release|Any CPU.ActiveCfg = Release|Any CPU
		{7259FC09-14FB-4103-8711-C80348912F07}.Release|Any CPU.Build.0 = Release|Any CPU
		{883B3FF9-7777-4C10-A1C5-BC03AB88A5A3}.Debug|Any CPU.ActiveCfg = Debug|Any CPU
		{883B3FF9-7777-4C10-A1C5-BC03AB88A5A3}.Debug|Any CPU.Build.0 = Debug|Any CPU
		{883B3FF9-7777-4C10-A1C5-BC03AB88A5A3}.Release|Any CPU.ActiveCfg = Release|Any CPU
		{883B3FF9-7777-4C10-A1C5-BC03AB88A5A3}.Release|Any CPU.Build.0 = Release|Any CPU
		{BA630901-132B-46EB-AC85-BB4B50813C9C}.Debug|Any CPU.ActiveCfg = Debug|Any CPU
		{BA630901-132B-46EB-AC85-BB4B50813C9C}.Debug|Any CPU.Build.0 = Debug|Any CPU
		{BA630901-132B-46EB-AC85-BB4B50813C9C}.Release|Any CPU.ActiveCfg = Release|Any CPU
		{BA630901-132B-46EB-AC85-BB4B50813C9C}.Release|Any CPU.Build.0 = Release|Any CPU
		{32D22537-C170-409E-849F-B106A95A1147}.Debug|Any CPU.ActiveCfg = Debug|Any CPU
		{32D22537-C170-409E-849F-B106A95A1147}.Debug|Any CPU.Build.0 = Debug|Any CPU
		{32D22537-C170-409E-849F-B106A95A1147}.Release|Any CPU.ActiveCfg = Release|Any CPU
		{32D22537-C170-409E-849F-B106A95A1147}.Release|Any CPU.Build.0 = Release|Any CPU
		{B2BAF3DA-47D6-459A-926F-C67257AD5907}.Debug|Any CPU.ActiveCfg = Debug|Any CPU
		{B2BAF3DA-47D6-459A-926F-C67257AD5907}.Debug|Any CPU.Build.0 = Debug|Any CPU
		{B2BAF3DA-47D6-459A-926F-C67257AD5907}.Release|Any CPU.ActiveCfg = Release|Any CPU
		{B2BAF3DA-47D6-459A-926F-C67257AD5907}.Release|Any CPU.Build.0 = Release|Any CPU
		{D00C814D-61FA-47CB-AB8E-F540CAE85333}.Debug|Any CPU.ActiveCfg = Debug|Any CPU
		{D00C814D-61FA-47CB-AB8E-F540CAE85333}.Debug|Any CPU.Build.0 = Debug|Any CPU
		{D00C814D-61FA-47CB-AB8E-F540CAE85333}.Release|Any CPU.ActiveCfg = Release|Any CPU
		{D00C814D-61FA-47CB-AB8E-F540CAE85333}.Release|Any CPU.Build.0 = Release|Any CPU
		{557F1301-C9C8-411C-A7A7-2DDCF37FF305}.Debug|Any CPU.ActiveCfg = Debug|Any CPU
		{557F1301-C9C8-411C-A7A7-2DDCF37FF305}.Debug|Any CPU.Build.0 = Debug|Any CPU
		{557F1301-C9C8-411C-A7A7-2DDCF37FF305}.Release|Any CPU.ActiveCfg = Release|Any CPU
		{557F1301-C9C8-411C-A7A7-2DDCF37FF305}.Release|Any CPU.Build.0 = Release|Any CPU
		{844539A9-4E41-455A-A083-AD493975A5F3}.Debug|Any CPU.ActiveCfg = Debug|Any CPU
		{844539A9-4E41-455A-A083-AD493975A5F3}.Debug|Any CPU.Build.0 = Debug|Any CPU
		{844539A9-4E41-455A-A083-AD493975A5F3}.Release|Any CPU.ActiveCfg = Release|Any CPU
		{844539A9-4E41-455A-A083-AD493975A5F3}.Release|Any CPU.Build.0 = Release|Any CPU
		{4B65882C-494C-45F6-A435-2488A85EB24B}.Debug|Any CPU.ActiveCfg = Debug|Any CPU
		{4B65882C-494C-45F6-A435-2488A85EB24B}.Debug|Any CPU.Build.0 = Debug|Any CPU
		{4B65882C-494C-45F6-A435-2488A85EB24B}.Release|Any CPU.ActiveCfg = Release|Any CPU
		{4B65882C-494C-45F6-A435-2488A85EB24B}.Release|Any CPU.Build.0 = Release|Any CPU
		{13746C9C-0613-44A0-A7F5-7C5AD8F3DB45}.Debug|Any CPU.ActiveCfg = Debug|Any CPU
		{13746C9C-0613-44A0-A7F5-7C5AD8F3DB45}.Debug|Any CPU.Build.0 = Debug|Any CPU
		{13746C9C-0613-44A0-A7F5-7C5AD8F3DB45}.Release|Any CPU.ActiveCfg = Release|Any CPU
		{13746C9C-0613-44A0-A7F5-7C5AD8F3DB45}.Release|Any CPU.Build.0 = Release|Any CPU
		{414942A7-5429-4163-85B5-C0D9FD9B9758}.Debug|Any CPU.ActiveCfg = Debug|Any CPU
		{414942A7-5429-4163-85B5-C0D9FD9B9758}.Debug|Any CPU.Build.0 = Debug|Any CPU
		{414942A7-5429-4163-85B5-C0D9FD9B9758}.Release|Any CPU.ActiveCfg = Release|Any CPU
		{414942A7-5429-4163-85B5-C0D9FD9B9758}.Release|Any CPU.Build.0 = Release|Any CPU
		{F13AEF0E-C4B8-4BAE-A414-ABE83B45DAA2}.Debug|Any CPU.ActiveCfg = Debug|Any CPU
		{F13AEF0E-C4B8-4BAE-A414-ABE83B45DAA2}.Debug|Any CPU.Build.0 = Debug|Any CPU
		{F13AEF0E-C4B8-4BAE-A414-ABE83B45DAA2}.Release|Any CPU.ActiveCfg = Release|Any CPU
		{F13AEF0E-C4B8-4BAE-A414-ABE83B45DAA2}.Release|Any CPU.Build.0 = Release|Any CPU
	EndGlobalSection
	GlobalSection(SolutionProperties) = preSolution
		HideSolutionNode = FALSE
	EndGlobalSection
	GlobalSection(NestedProjects) = preSolution
		{64A7511F-5111-498F-A7E2-B70B73C1679F} = {F468E8F8-E237-418F-BCA3-D8115FA78C7F}
		{4AD0602A-591B-45CE-9017-0E22046E5721} = {F468E8F8-E237-418F-BCA3-D8115FA78C7F}
		{28111109-8DEF-4FAE-B8E7-CAA4F8C28CCD} = {F468E8F8-E237-418F-BCA3-D8115FA78C7F}
		{EAA3F772-3C61-4148-9E67-35D0DEDF64FD} = {F468E8F8-E237-418F-BCA3-D8115FA78C7F}
		{6A843F98-45C3-48DB-827A-157BE09AF022} = {64A7511F-5111-498F-A7E2-B70B73C1679F}
		{B5B5799E-DBBA-4485-82B1-B17B27DA4207} = {6A843F98-45C3-48DB-827A-157BE09AF022}
		{AF910BFD-151C-4B89-A2FD-3F8D48230EE3} = {B5B5799E-DBBA-4485-82B1-B17B27DA4207}
		{46FA91A2-1311-4102-A8C5-069C900FC71B} = {64A7511F-5111-498F-A7E2-B70B73C1679F}
		{E1379F5D-7901-4A95-A227-8DF2CE057130} = {64A7511F-5111-498F-A7E2-B70B73C1679F}
		{9ACCFFEB-84FD-410B-B5AB-530B333B9DB6} = {4AD0602A-591B-45CE-9017-0E22046E5721}
		{B630CF11-4760-436E-8024-32629F0D9FE1} = {4AD0602A-591B-45CE-9017-0E22046E5721}
		{82235A19-5D6A-4363-91A2-98161350EC1C} = {4AD0602A-591B-45CE-9017-0E22046E5721}
		{90987D4F-8718-4733-8E47-7018B48B11D2} = {82235A19-5D6A-4363-91A2-98161350EC1C}
		{6E8F4CD1-D761-442F-BC3E-4F6CC71A6E15} = {9ACCFFEB-84FD-410B-B5AB-530B333B9DB6}
		{9430978C-F88E-47F0-AB45-D14817387216} = {B630CF11-4760-436E-8024-32629F0D9FE1}
		{7F252B82-0D26-4C56-BFD6-7938454ED34F} = {B630CF11-4760-436E-8024-32629F0D9FE1}
		{FA698968-0210-46FF-BD9A-6DFFEBE89171} = {B630CF11-4760-436E-8024-32629F0D9FE1}
		{0DC69040-FF37-4737-AEFE-34DFCEC0B6C5} = {B630CF11-4760-436E-8024-32629F0D9FE1}
		{078C75C5-DCBE-462A-AB5C-C938CAE12FD2} = {28111109-8DEF-4FAE-B8E7-CAA4F8C28CCD}
		{BAC09BCA-B1F3-4341-B598-4B917BED5325} = {28111109-8DEF-4FAE-B8E7-CAA4F8C28CCD}
		{532622C4-6DB0-4A47-820E-78793C717AA2} = {28111109-8DEF-4FAE-B8E7-CAA4F8C28CCD}
		{F2C8399F-F8A0-402E-AAC5-6B6669E79D53} = {28111109-8DEF-4FAE-B8E7-CAA4F8C28CCD}
		{5AE83D2E-E3BC-4958-AE24-135F6BE83829} = {28111109-8DEF-4FAE-B8E7-CAA4F8C28CCD}
		{20F4AA53-8FC2-4D0A-9428-E534ECFD0C32} = {EAA3F772-3C61-4148-9E67-35D0DEDF64FD}
		{6BC77BE6-99D9-4608-916A-E983E44FB655} = {EAA3F772-3C61-4148-9E67-35D0DEDF64FD}
		{46BD97D4-F8BA-4091-9ED4-97CAC867CFD5} = {F2C8399F-F8A0-402E-AAC5-6B6669E79D53}
		{E92D37BF-7CC4-4FF3-9C4F-5F2636AA034E} = {F2C8399F-F8A0-402E-AAC5-6B6669E79D53}
		{C494FA67-7247-4F93-BCE8-A4AD687EA80D} = {F2C8399F-F8A0-402E-AAC5-6B6669E79D53}
		{CE74C3F2-5443-4AFF-80D5-92A061C0DD2D} = {5AE83D2E-E3BC-4958-AE24-135F6BE83829}
		{7D4D6C16-FB4F-4036-942F-42F604710BC4} = {BAC09BCA-B1F3-4341-B598-4B917BED5325}
		{E5D564B9-0AB3-42AA-B251-38A89FD6D4C9} = {F2C8399F-F8A0-402E-AAC5-6B6669E79D53}
		{E2A7B4AA-BEAA-44F4-ADDB-14CEAD5CFF0C} = {EAA3F772-3C61-4148-9E67-35D0DEDF64FD}
		{7259FC09-14FB-4103-8711-C80348912F07} = {E1379F5D-7901-4A95-A227-8DF2CE057130}
		{883B3FF9-7777-4C10-A1C5-BC03AB88A5A3} = {46FA91A2-1311-4102-A8C5-069C900FC71B}
		{BA630901-132B-46EB-AC85-BB4B50813C9C} = {078C75C5-DCBE-462A-AB5C-C938CAE12FD2}
		{32D22537-C170-409E-849F-B106A95A1147} = {F2C8399F-F8A0-402E-AAC5-6B6669E79D53}
		{7CB944A2-1A44-4EF5-B385-94007966AF41} = {28111109-8DEF-4FAE-B8E7-CAA4F8C28CCD}
		{B2BAF3DA-47D6-459A-926F-C67257AD5907} = {532622C4-6DB0-4A47-820E-78793C717AA2}
		{D00C814D-61FA-47CB-AB8E-F540CAE85333} = {7CB944A2-1A44-4EF5-B385-94007966AF41}
		{557F1301-C9C8-411C-A7A7-2DDCF37FF305} = {532622C4-6DB0-4A47-820E-78793C717AA2}
		{844539A9-4E41-455A-A083-AD493975A5F3} = {EAA3F772-3C61-4148-9E67-35D0DEDF64FD}
		{4635111C-1551-4A5B-99A8-FDF132094569} = {64A7511F-5111-498F-A7E2-B70B73C1679F}
		{CA410BA6-140E-4F9A-8476-1F1D360380AA} = {64A7511F-5111-498F-A7E2-B70B73C1679F}
		{4B65882C-494C-45F6-A435-2488A85EB24B} = {4635111C-1551-4A5B-99A8-FDF132094569}
		{13746C9C-0613-44A0-A7F5-7C5AD8F3DB45} = {CA410BA6-140E-4F9A-8476-1F1D360380AA}
		{F8C1F4EC-057E-4AC9-859E-43BC64E19156} = {B5B5799E-DBBA-4485-82B1-B17B27DA4207}
		{414942A7-5429-4163-85B5-C0D9FD9B9758} = {EAA3F772-3C61-4148-9E67-35D0DEDF64FD}
		{F13AEF0E-C4B8-4BAE-A414-ABE83B45DAA2} = {532622C4-6DB0-4A47-820E-78793C717AA2}
	EndGlobalSection
	GlobalSection(ExtensibilityGlobals) = postSolution
		SolutionGuid = {E0B064FF-2444-479A-A424-1198361CCBAB}
	EndGlobalSection
EndGlobal
